
Microsoft Visual Studio Solution File, Format Version 12.00
# Visual Studio Version 16
VisualStudioVersion = 16.0.30907.101
MinimumVisualStudioVersion = 10.0.40219.1
Project("{FAE04EC0-301F-11D3-BF4B-00C04F79EFBC}") = "Commit", "Commit\Commit.csproj", "{96B8DFBB-8356-4E35-8A3B-5F4D3AC3AEE9}"
EndProject
Global
	GlobalSection(SolutionConfigurationPlatforms) = preSolution
		Debug|Any CPU = Debug|Any CPU
		Release|Any CPU = Release|Any CPU
	EndGlobalSection
	GlobalSection(ProjectConfigurationPlatforms) = postSolution
		{96B8DFBB-8356-4E35-8A3B-5F4D3AC3AEE9}.Debug|Any CPU.ActiveCfg = Debug|Any CPU
		{96B8DFBB-8356-4E35-8A3B-5F4D3AC3AEE9}.Debug|Any CPU.Build.0 = Debug|Any CPU
		{96B8DFBB-8356-4E35-8A3B-5F4D3AC3AEE9}.Release|Any CPU.ActiveCfg = Release|Any CPU
		{96B8DFBB-8356-4E35-8A3B-5F4D3AC3AEE9}.Release|Any CPU.Build.0 = Release|Any CPU
	EndGlobalSection
	GlobalSection(SolutionProperties) = preSolution
		HideSolutionNode = FALSE
	EndGlobalSection
	GlobalSection(ExtensibilityGlobals) = postSolution
		SolutionGuid = {5A4DBEE6-5BA4-4D27-8437-FEAAF479CFD5}
	EndGlobalSection
EndGlobal
